
Microsoft Visual Studio Solution File, Format Version 12.00
# Visual Studio 15
VisualStudioVersion = 15.0.27703.2047
MinimumVisualStudioVersion = 10.0.40219.1
Project("{8BC9CEB8-8B4A-11D0-8D11-00A0C91BC942}") = "VGP145_ScottWatman", "VGP145_ScottWatman\VGP145_ScottWatman.vcxproj", "{00548EC8-2DAF-46CD-8891-BFF2C29846A6}"
EndProject
Global
	GlobalSection(SolutionConfigurationPlatforms) = preSolution
		Debug|x64 = Debug|x64
		Debug|x86 = Debug|x86
		Release|x64 = Release|x64
		Release|x86 = Release|x86
	EndGlobalSection
	GlobalSection(ProjectConfigurationPlatforms) = postSolution
		{00548EC8-2DAF-46CD-8891-BFF2C29846A6}.Debug|x64.ActiveCfg = Debug|x64
		{00548EC8-2DAF-46CD-8891-BFF2C29846A6}.Debug|x64.Build.0 = Debug|x64
		{00548EC8-2DAF-46CD-8891-BFF2C29846A6}.Debug|x86.ActiveCfg = Debug|Win32
		{00548EC8-2DAF-46CD-8891-BFF2C29846A6}.Debug|x86.Build.0 = Debug|Win32
		{00548EC8-2DAF-46CD-8891-BFF2C29846A6}.Release|x64.ActiveCfg = Release|x64
		{00548EC8-2DAF-46CD-8891-BFF2C29846A6}.Release|x64.Build.0 = Release|x64
		{00548EC8-2DAF-46CD-8891-BFF2C29846A6}.Release|x86.ActiveCfg = Release|Win32
		{00548EC8-2DAF-46CD-8891-BFF2C29846A6}.Release|x86.Build.0 = Release|Win32
	EndGlobalSection
	GlobalSection(SolutionProperties) = preSolution
		HideSolutionNode = FALSE
	EndGlobalSection
	GlobalSection(ExtensibilityGlobals) = postSolution
		SolutionGuid = {05F4BA54-845F-4C37-9F85-06D186B7DA00}
	EndGlobalSection
EndGlobal
